
Microsoft Visual Studio Solution File, Format Version 12.00
# Visual Studio Version 16
VisualStudioVersion = 16.0.30717.126
MinimumVisualStudioVersion = 10.0.40219.1
Project("{9A19103F-16F7-4668-BE54-9A1E7A4F7556}") = "HttpDownloadEngine", "HttpDownloadEngine\HttpDownloadEngine.csproj", "{8F3019A7-D4C2-4E32-91AC-0236BBB9BD55}"
EndProject
Project("{FAE04EC0-301F-11D3-BF4B-00C04F79EFBC}") = "HttpDownloadEngine.Test", "HttpDownloadEngine.Test\HttpDownloadEngine.Test.csproj", "{13EB5B7E-2F34-4A2B-90A2-03019A584D74}"
EndProject
Global
	GlobalSection(SolutionConfigurationPlatforms) = preSolution
		Debug|Any CPU = Debug|Any CPU
		Release|Any CPU = Release|Any CPU
	EndGlobalSection
	GlobalSection(ProjectConfigurationPlatforms) = postSolution
		{8F3019A7-D4C2-4E32-91AC-0236BBB9BD55}.Debug|Any CPU.ActiveCfg = Debug|Any CPU
		{8F3019A7-D4C2-4E32-91AC-0236BBB9BD55}.Debug|Any CPU.Build.0 = Debug|Any CPU
		{8F3019A7-D4C2-4E32-91AC-0236BBB9BD55}.Release|Any CPU.ActiveCfg = Release|Any CPU
		{8F3019A7-D4C2-4E32-91AC-0236BBB9BD55}.Release|Any CPU.Build.0 = Release|Any CPU
		{13EB5B7E-2F34-4A2B-90A2-03019A584D74}.Debug|Any CPU.ActiveCfg = Debug|Any CPU
		{13EB5B7E-2F34-4A2B-90A2-03019A584D74}.Debug|Any CPU.Build.0 = Debug|Any CPU
		{13EB5B7E-2F34-4A2B-90A2-03019A584D74}.Release|Any CPU.ActiveCfg = Release|Any CPU
		{13EB5B7E-2F34-4A2B-90A2-03019A584D74}.Release|Any CPU.Build.0 = Release|Any CPU
	EndGlobalSection
	GlobalSection(SolutionProperties) = preSolution
		HideSolutionNode = FALSE
	EndGlobalSection
	GlobalSection(ExtensibilityGlobals) = postSolution
		SolutionGuid = {B1C50BE5-BA67-4E9F-9F4D-A65631D03332}
	EndGlobalSection
EndGlobal
